
Microsoft Visual Studio Solution File, Format Version 12.00
# Visual Studio Version 17
VisualStudioVersion = 17.5.33530.505
MinimumVisualStudioVersion = 10.0.40219.1
Project("{FAE04EC0-301F-11D3-BF4B-00C04F79EFBC}") = "Line.Android", "Line\Line.Android\Line.Android.csproj", "{5CECE1E0-FAAF-4947-92B2-63905D592DFA}"
EndProject
Project("{FAE04EC0-301F-11D3-BF4B-00C04F79EFBC}") = "Line.iOS", "Line\Line.iOS\Line.iOS.csproj", "{061A1E0A-4987-4B01-B251-89202E646821}"
EndProject
Project("{FAE04EC0-301F-11D3-BF4B-00C04F79EFBC}") = "Line", "Line\Line\Line.csproj", "{2B95B630-1F5A-4F0D-8AA9-0AACEC83507A}"
EndProject
Global
	GlobalSection(SolutionConfigurationPlatforms) = preSolution
		Debug|Any CPU = Debug|Any CPU
		Debug|iPhone = Debug|iPhone
		Debug|iPhoneSimulator = Debug|iPhoneSimulator
		Release|Any CPU = Release|Any CPU
		Release|iPhone = Release|iPhone
		Release|iPhoneSimulator = Release|iPhoneSimulator
	EndGlobalSection
	GlobalSection(ProjectConfigurationPlatforms) = postSolution
		{5CECE1E0-FAAF-4947-92B2-63905D592DFA}.Debug|Any CPU.ActiveCfg = Debug|Any CPU
		{5CECE1E0-FAAF-4947-92B2-63905D592DFA}.Debug|Any CPU.Build.0 = Debug|Any CPU
		{5CECE1E0-FAAF-4947-92B2-63905D592DFA}.Debug|Any CPU.Deploy.0 = Debug|Any CPU
		{5CECE1E0-FAAF-4947-92B2-63905D592DFA}.Debug|iPhone.ActiveCfg = Debug|Any CPU
		{5CECE1E0-FAAF-4947-92B2-63905D592DFA}.Debug|iPhone.Build.0 = Debug|Any CPU
		{5CECE1E0-FAAF-4947-92B2-63905D592DFA}.Debug|iPhone.Deploy.0 = Debug|Any CPU
		{5CECE1E0-FAAF-4947-92B2-63905D592DFA}.Debug|iPhoneSimulator.ActiveCfg = Debug|Any CPU
		{5CECE1E0-FAAF-4947-92B2-63905D592DFA}.Debug|iPhoneSimulator.Build.0 = Debug|Any CPU
		{5CECE1E0-FAAF-4947-92B2-63905D592DFA}.Debug|iPhoneSimulator.Deploy.0 = Debug|Any CPU
		{5CECE1E0-FAAF-4947-92B2-63905D592DFA}.Release|Any CPU.ActiveCfg = Release|Any CPU
		{5CECE1E0-FAAF-4947-92B2-63905D592DFA}.Release|Any CPU.Build.0 = Release|Any CPU
		{5CECE1E0-FAAF-4947-92B2-63905D592DFA}.Release|Any CPU.Deploy.0 = Release|Any CPU
		{5CECE1E0-FAAF-4947-92B2-63905D592DFA}.Release|iPhone.ActiveCfg = Release|Any CPU
		{5CECE1E0-FAAF-4947-92B2-63905D592DFA}.Release|iPhone.Build.0 = Release|Any CPU
		{5CECE1E0-FAAF-4947-92B2-63905D592DFA}.Release|iPhone.Deploy.0 = Release|Any CPU
		{5CECE1E0-FAAF-4947-92B2-63905D592DFA}.Release|iPhoneSimulator.ActiveCfg = Release|Any CPU
		{5CECE1E0-FAAF-4947-92B2-63905D592DFA}.Release|iPhoneSimulator.Build.0 = Release|Any CPU
		{5CECE1E0-FAAF-4947-92B2-63905D592DFA}.Release|iPhoneSimulator.Deploy.0 = Release|Any CPU
		{061A1E0A-4987-4B01-B251-89202E646821}.Debug|Any CPU.ActiveCfg = Debug|iPhone
		{061A1E0A-4987-4B01-B251-89202E646821}.Debug|Any CPU.Build.0 = Debug|iPhone
		{061A1E0A-4987-4B01-B251-89202E646821}.Debug|Any CPU.Deploy.0 = Debug|iPhone
		{061A1E0A-4987-4B01-B251-89202E646821}.Debug|iPhone.ActiveCfg = Debug|iPhone
		{061A1E0A-4987-4B01-B251-89202E646821}.Debug|iPhone.Build.0 = Debug|iPhone
		{061A1E0A-4987-4B01-B251-89202E646821}.Debug|iPhone.Deploy.0 = Debug|iPhone
		{061A1E0A-4987-4B01-B251-89202E646821}.Debug|iPhoneSimulator.ActiveCfg = Debug|iPhoneSimulator
		{061A1E0A-4987-4B01-B251-89202E646821}.Debug|iPhoneSimulator.Build.0 = Debug|iPhoneSimulator
		{061A1E0A-4987-4B01-B251-89202E646821}.Debug|iPhoneSimulator.Deploy.0 = Debug|iPhoneSimulator
		{061A1E0A-4987-4B01-B251-89202E646821}.Release|Any CPU.ActiveCfg = Release|iPhoneSimulator
		{061A1E0A-4987-4B01-B251-89202E646821}.Release|Any CPU.Build.0 = Release|iPhoneSimulator
		{061A1E0A-4987-4B01-B251-89202E646821}.Release|Any CPU.Deploy.0 = Release|iPhoneSimulator
		{061A1E0A-4987-4B01-B251-89202E646821}.Release|iPhone.ActiveCfg = Release|iPhone
		{061A1E0A-4987-4B01-B251-89202E646821}.Release|iPhone.Build.0 = Release|iPhone
		{061A1E0A-4987-4B01-B251-89202E646821}.Release|iPhone.Deploy.0 = Release|iPhone
		{061A1E0A-4987-4B01-B251-89202E646821}.Release|iPhoneSimulator.ActiveCfg = Release|iPhoneSimulator
		{061A1E0A-4987-4B01-B251-89202E646821}.Release|iPhoneSimulator.Build.0 = Release|iPhoneSimulator
		{061A1E0A-4987-4B01-B251-89202E646821}.Release|iPhoneSimulator.Deploy.0 = Release|iPhoneSimulator
		{2B95B630-1F5A-4F0D-8AA9-0AACEC83507A}.Debug|Any CPU.ActiveCfg = Debug|Any CPU
		{2B95B630-1F5A-4F0D-8AA9-0AACEC83507A}.Debug|Any CPU.Build.0 = Debug|Any CPU
		{2B95B630-1F5A-4F0D-8AA9-0AACEC83507A}.Debug|Any CPU.Deploy.0 = Debug|Any CPU
		{2B95B630-1F5A-4F0D-8AA9-0AACEC83507A}.Debug|iPhone.ActiveCfg = Debug|Any CPU
		{2B95B630-1F5A-4F0D-8AA9-0AACEC83507A}.Debug|iPhone.Build.0 = Debug|Any CPU
		{2B95B630-1F5A-4F0D-8AA9-0AACEC83507A}.Debug|iPhone.Deploy.0 = Debug|Any CPU
		{2B95B630-1F5A-4F0D-8AA9-0AACEC83507A}.Debug|iPhoneSimulator.ActiveCfg = Debug|Any CPU
		{2B95B630-1F5A-4F0D-8AA9-0AACEC83507A}.Debug|iPhoneSimulator.Build.0 = Debug|Any CPU
		{2B95B630-1F5A-4F0D-8AA9-0AACEC83507A}.Debug|iPhoneSimulator.Deploy.0 = Debug|Any CPU
		{2B95B630-1F5A-4F0D-8AA9-0AACEC83507A}.Release|Any CPU.ActiveCfg = Release|Any CPU
		{2B95B630-1F5A-4F0D-8AA9-0AACEC83507A}.Release|Any CPU.Build.0 = Release|Any CPU
		{2B95B630-1F5A-4F0D-8AA9-0AACEC83507A}.Release|Any CPU.Deploy.0 = Release|Any CPU
		{2B95B630-1F5A-4F0D-8AA9-0AACEC83507A}.Release|iPhone.ActiveCfg = Release|Any CPU
		{2B95B630-1F5A-4F0D-8AA9-0AACEC83507A}.Release|iPhone.Build.0 = Release|Any CPU
		{2B95B630-1F5A-4F0D-8AA9-0AACEC83507A}.Release|iPhone.Deploy.0 = Release|Any CPU
		{2B95B630-1F5A-4F0D-8AA9-0AACEC83507A}.Release|iPhoneSimulator.ActiveCfg = Release|Any CPU
		{2B95B630-1F5A-4F0D-8AA9-0AACEC83507A}.Release|iPhoneSimulator.Build.0 = Release|Any CPU
		{2B95B630-1F5A-4F0D-8AA9-0AACEC83507A}.Release|iPhoneSimulator.Deploy.0 = Release|Any CPU
	EndGlobalSection
	GlobalSection(SolutionProperties) = preSolution
		HideSolutionNode = FALSE
	EndGlobalSection
	GlobalSection(ExtensibilityGlobals) = postSolution
		SolutionGuid = {74CA1285-0103-416F-B935-A6CD9B4DEDEA}
	EndGlobalSection
EndGlobal
